
Microsoft Visual Studio Solution File, Format Version 12.00
# Visual Studio 15
Project("{FAE04EC0-301F-11D3-BF4B-00C04F79EFBC}") = "Minesweeper", "Minesweeper.csproj", "{0ECFC212-CF8F-4D13-8E8D-8B11876DDCE9}"
EndProject
Global
	GlobalSection(SolutionConfigurationPlatforms) = preSolution
		Debug|Any CPU = Debug|Any CPU
		Release|Any CPU = Release|Any CPU
	EndGlobalSection
	GlobalSection(ProjectConfigurationPlatforms) = postSolution
		{0ECFC212-CF8F-4D13-8E8D-8B11876DDCE9}.Debug|Any CPU.ActiveCfg = Debug|Any CPU
		{0ECFC212-CF8F-4D13-8E8D-8B11876DDCE9}.Debug|Any CPU.Build.0 = Debug|Any CPU
		{0ECFC212-CF8F-4D13-8E8D-8B11876DDCE9}.Release|Any CPU.ActiveCfg = Release|Any CPU
		{0ECFC212-CF8F-4D13-8E8D-8B11876DDCE9}.Release|Any CPU.Build.0 = Release|Any CPU
	EndGlobalSection
EndGlobal
